
Microsoft Visual Studio Solution File, Format Version 12.00
# Visual Studio Version 16
VisualStudioVersion = 16.0.31205.134
MinimumVisualStudioVersion = 10.0.40219.1
Project("{FAE04EC0-301F-11D3-BF4B-00C04F79EFBC}") = "cwiczenia-2-s16324", "cwiczenia-2-s16324.csproj", "{5EE5E5F4-1E48-4EEC-961B-DA1A269CEEDE}"
EndProject
Global
	GlobalSection(SolutionConfigurationPlatforms) = preSolution
		Debug|Any CPU = Debug|Any CPU
		Release|Any CPU = Release|Any CPU
	EndGlobalSection
	GlobalSection(ProjectConfigurationPlatforms) = postSolution
		{5EE5E5F4-1E48-4EEC-961B-DA1A269CEEDE}.Debug|Any CPU.ActiveCfg = Debug|Any CPU
		{5EE5E5F4-1E48-4EEC-961B-DA1A269CEEDE}.Debug|Any CPU.Build.0 = Debug|Any CPU
		{5EE5E5F4-1E48-4EEC-961B-DA1A269CEEDE}.Release|Any CPU.ActiveCfg = Release|Any CPU
		{5EE5E5F4-1E48-4EEC-961B-DA1A269CEEDE}.Release|Any CPU.Build.0 = Release|Any CPU
	EndGlobalSection
	GlobalSection(SolutionProperties) = preSolution
		HideSolutionNode = FALSE
	EndGlobalSection
	GlobalSection(ExtensibilityGlobals) = postSolution
		SolutionGuid = {B9F3529E-92D4-4471-8274-F80700F439B8}
	EndGlobalSection
EndGlobal
